// !$*UTF8*$!
{
	archiveVersion = 1;
	classes = {
	};
	objectVersion = 46;
	objects = {

/* Begin PBXFileReference section */
		ADE791DA1CDBA4A40056F296 /* General Purpose APIs.playground */ = {isa = PBXFileReference; lastKnownFileType = file.playground; path = "General Purpose APIs.playground"; sourceTree = "<group>"; };
		ADE791DB1CDBA4A40056F296 /* README.md */ = {isa = PBXFileReference; lastKnownFileType = net.daringfireball.markdown; path = README.md; sourceTree = "<group>"; };
		ADE791DC1CDBA4A40056F296 /* SWIFT 2.2.playground */ = {isa = PBXFileReference; lastKnownFileType = file.playground; path = "SWIFT 2.2.playground"; sourceTree = "<group>"; };
		ADE791DD1CDBA4A40056F296 /* Swift Algorithms and Data Structure Notes - Chinese.playground */ = {isa = PBXFileReference; lastKnownFileType = file.playground; path = "Swift Algorithms and Data Structure Notes - Chinese.playground"; sourceTree = "<group>"; };
		ADE791DE1CDBA4A40056F296 /* Swift Coding Practice.playground */ = {isa = PBXFileReference; lastKnownFileType = file.playground; path = "Swift Coding Practice.playground"; sourceTree = "<group>"; };
		ADE791DF1CDBA4A40056F296 /* The Traveling Salesman with Simulated Annealing.playground */ = {isa = PBXFileReference; lastKnownFileType = file.playground; path = "The Traveling Salesman with Simulated Annealing.playground"; sourceTree = "<group>"; };
/* End PBXFileReference section */

/* Begin PBXGroup section */
		ADE791CF1CDBA46B0056F296 = {
			isa = PBXGroup;
			children = (
				ADE791DB1CDBA4A40056F296 /* README.md */,
				ADE791DA1CDBA4A40056F296 /* General Purpose APIs.playground */,
				ADE791DC1CDBA4A40056F296 /* SWIFT 2.2.playground */,
				ADE791DD1CDBA4A40056F296 /* Swift Algorithms and Data Structure Notes - Chinese.playground */,
				ADE791DE1CDBA4A40056F296 /* Swift Coding Practice.playground */,
				ADE791DF1CDBA4A40056F296 /* The Traveling Salesman with Simulated Annealing.playground */,
			);
			sourceTree = "<group>";
		};
/* End PBXGroup section */

/* Begin PBXProject section */
		ADE791D01CDBA46B0056F296 /* Project object */ = {
			isa = PBXProject;
			attributes = {
				LastUpgradeCheck = 0730;
				ORGANIZATIONNAME = "Sean LH Lee";
			};
			buildConfigurationList = ADE791D31CDBA46B0056F296 /* Build configuration list for PBXProject "Swift Coding Practice" */;
			compatibilityVersion = "Xcode 3.2";
			developmentRegion = English;
			hasScannedForEncodings = 0;
			knownRegions = (
				en,
			);
			mainGroup = ADE791CF1CDBA46B0056F296;
			projectDirPath = "";
			projectRoot = "";
			targets = (
			);
		};
/* End PBXProject section */

/* Begin XCBuildConfiguration section */
		ADE791D51CDBA46B0056F296 /* Debug */ = {
			isa = XCBuildConfiguration;
			buildSettings = {
				ALWAYS_SEARCH_USER_PATHS = NO;
				CLANG_ANALYZER_NONNULL = YES;
				CLANG_CXX_LANGUAGE_STANDARD = "gnu++0x";
				CLANG_CXX_LIBRARY = "libc++";
				CLANG_ENABLE_MODULES = YES;
				CLANG_ENABLE_OBJC_ARC = YES;
				CLANG_WARN_BOOL_CONVERSION = YES;
				CLANG_WARN_CONSTANT_CONVERSION = YES;
				CLANG_WARN_DIRECT_OBJC_ISA_USAGE = YES_ERROR;
				CLANG_WARN_EMPTY_BODY = YES;
				CLANG_WARN_ENUM_CONVERSION = YES;
				CLANG_WARN_INT_CONVERSION = YES;
				CLANG_WARN_OBJC_ROOT_CLASS = YES_ERROR;
				CLANG_WARN_UNREACHABLE_CODE = YES;
				CLANG_WARN__DUPLICATE_METHOD_MATCH = YES;
				COPY_PHASE_STRIP = NO;
				DEBUG_INFORMATION_FORMAT = dwarf;
				ENABLE_STRICT_OBJC_MSGSEND = YES;
				ENABLE_TESTABILITY = YES;
				GCC_C_LANGUAGE_STANDARD = gnu99;
				GCC_DYNAMIC_NO_PIC = NO;
				GCC_NO_COMMON_BLOCKS = YES;
				GCC_OPTIMIZATION_LEVEL = 0;
				GCC_PREPROCESSOR_DEFINITIONS = (
					"DEBUG=1",
					"$(inherited)",
				);
				GCC_WARN_64_TO_32_BIT_CONVERSION = YES;
				GCC_WARN_ABOUT_RETURN_TYPE = YES_ERROR;
				GCC_WARN_UNDECLARED_SELECTOR = YES;
				GCC_WARN_UNINITIALIZED_AUTOS = YES_AGGRESSIVE;
				GCC_WARN_UNUSED_FUNCTION = YES;
				GCC_WARN_UNUSED_VARIABLE = YES;
				MTL_ENABLE_DEBUG_INFO = YES;
				ONLY_ACTIVE_ARCH = YES;
			};
			name = Debug;
		};
		ADE791D61CDBA46B0056F296 /* Release */ = {
			isa = XCBuildConfiguration;
			buildSettings = {
				ALWAYS_SEARCH_USER_PATHS = NO;
				CLANG_ANALYZER_NONNULL = YES;
				CLANG_CXX_LANGUAGE_STANDARD = "gnu++0x";
				CLANG_CXX_LIBRARY = "libc++";
				CLANG_ENABLE_MODULES = YES;
				CLANG_ENABLE_OBJC_ARC = YES;
				CLANG_WARN_BOOL_CONVERSION = YES;
				CLANG_WARN_CONSTANT_CONVERSION = YES;
				CLANG_WARN_DIRECT_OBJC_ISA_USAGE = YES_ERROR;
				CLANG_WARN_EMPTY_BODY = YES;
				CLANG_WARN_ENUM_CONVERSION = YES;
				CLANG_WARN_INT_CONVERSION = YES;
				CLANG_WARN_OBJC_ROOT_CLASS = YES_ERROR;
				CLANG_WARN_UNREACHABLE_CODE = YES;
				CLANG_WARN__DUPLICATE_METHOD_MATCH = YES;
				COPY_PHASE_STRIP = NO;
				DEBUG_INFORMATION_FORMAT = "dwarf-with-dsym";
				ENABLE_NS_ASSERTIONS = NO;
				ENABLE_STRICT_OBJC_MSGSEND = YES;
				GCC_C_LANGUAGE_STANDARD = gnu99;
				GCC_NO_COMMON_BLOCKS = YES;
				GCC_WARN_64_TO_32_BIT_CONVERSION = YES;
				GCC_WARN_ABOUT_RETURN_TYPE = YES_ERROR;
				GCC_WARN_UNDECLARED_SELECTOR = YES;
				GCC_WARN_UNINITIALIZED_AUTOS = YES_AGGRESSIVE;
				GCC_WARN_UNUSED_FUNCTION = YES;
				GCC_WARN_UNUSED_VARIABLE = YES;
				MTL_ENABLE_DEBUG_INFO = NO;
			};
			name = Release;
		};
/* End XCBuildConfiguration section */

/* Begin XCConfigurationList section */
		ADE791D31CDBA46B0056F296 /* Build configuration list for PBXProject "Swift Coding Practice" */ = {
			isa = XCConfigurationList;
			buildConfigurations = (
				ADE791D51CDBA46B0056F296 /* Debug */,
				ADE791D61CDBA46B0056F296 /* Release */,
			);
			defaultConfigurationIsVisible = 0;
			defaultConfigurationName = Release;
		};
/* End XCConfigurationList section */
	};
	rootObject = ADE791D01CDBA46B0056F296 /* Project object */;
}
